
Microsoft Visual Studio Solution File, Format Version 12.00
# Visual Studio 15
VisualStudioVersion = 15.0.28307.106
MinimumVisualStudioVersion = 10.0.40219.1
Project("{FAE04EC0-301F-11D3-BF4B-00C04F79EFBC}") = "AdvMasterDetails", "AdvMasterDetails\AdvMasterDetails.csproj", "{428680A7-A533-4918-A33A-DD58AF843FC3}"
EndProject
Global
	GlobalSection(SolutionConfigurationPlatforms) = preSolution
		Debug|Any CPU = Debug|Any CPU
		Release|Any CPU = Release|Any CPU
	EndGlobalSection
	GlobalSection(ProjectConfigurationPlatforms) = postSolution
		{428680A7-A533-4918-A33A-DD58AF843FC3}.Debug|Any CPU.ActiveCfg = Debug|Any CPU
		{428680A7-A533-4918-A33A-DD58AF843FC3}.Debug|Any CPU.Build.0 = Debug|Any CPU
		{428680A7-A533-4918-A33A-DD58AF843FC3}.Release|Any CPU.ActiveCfg = Release|Any CPU
		{428680A7-A533-4918-A33A-DD58AF843FC3}.Release|Any CPU.Build.0 = Release|Any CPU
	EndGlobalSection
	GlobalSection(SolutionProperties) = preSolution
		HideSolutionNode = FALSE
	EndGlobalSection
	GlobalSection(ExtensibilityGlobals) = postSolution
		SolutionGuid = {728E0F11-72C8-4694-BF1B-7819DDCCA781}
	EndGlobalSection
EndGlobal
